
Microsoft Visual Studio Solution File, Format Version 12.00
# Visual Studio Version 17
VisualStudioVersion = 17.2.32519.379
MinimumVisualStudioVersion = 10.0.40219.1
Project("{FAE04EC0-301F-11D3-BF4B-00C04F79EFBC}") = "SKAnimManagement", "SKAnimManagement.csproj", "{2FFEF7C9-F8BC-439D-8AC4-7368DA54E34D}"
EndProject
Global
	GlobalSection(SolutionConfigurationPlatforms) = preSolution
		Debug|Any CPU = Debug|Any CPU
		Release|Any CPU = Release|Any CPU
	EndGlobalSection
	GlobalSection(ProjectConfigurationPlatforms) = postSolution
		{2FFEF7C9-F8BC-439D-8AC4-7368DA54E34D}.Debug|Any CPU.ActiveCfg = Debug|Any CPU
		{2FFEF7C9-F8BC-439D-8AC4-7368DA54E34D}.Debug|Any CPU.Build.0 = Debug|Any CPU
		{2FFEF7C9-F8BC-439D-8AC4-7368DA54E34D}.Release|Any CPU.ActiveCfg = Release|Any CPU
		{2FFEF7C9-F8BC-439D-8AC4-7368DA54E34D}.Release|Any CPU.Build.0 = Release|Any CPU
	EndGlobalSection
	GlobalSection(SolutionProperties) = preSolution
		HideSolutionNode = FALSE
	EndGlobalSection
	GlobalSection(ExtensibilityGlobals) = postSolution
		SolutionGuid = {C7A7869D-B3ED-4441-AB2A-6E2F3CAC9AE2}
	EndGlobalSection
EndGlobal
